// !$*UTF8*$!
{
	archiveVersion = 1;
	classes = {
	};
	objectVersion = 55;
	objects = {

/* Begin PBXBuildFile section */
		149728E0AC6E380D472E19EB /* Pods_Parstagram.framework in Frameworks */ = {isa = PBXBuildFile; fileRef = 0DD169E736F24EAC6257C318 /* Pods_Parstagram.framework */; };
		A438BC7728EE8CA30009D9FB /* AppDelegate.swift in Sources */ = {isa = PBXBuildFile; fileRef = A438BC7628EE8CA30009D9FB /* AppDelegate.swift */; };
		A438BC7928EE8CA30009D9FB /* SceneDelegate.swift in Sources */ = {isa = PBXBuildFile; fileRef = A438BC7828EE8CA30009D9FB /* SceneDelegate.swift */; };
		A438BC7E28EE8CA30009D9FB /* Main.storyboard in Resources */ = {isa = PBXBuildFile; fileRef = A438BC7C28EE8CA30009D9FB /* Main.storyboard */; };
		A438BC8028EE8CA50009D9FB /* Assets.xcassets in Resources */ = {isa = PBXBuildFile; fileRef = A438BC7F28EE8CA50009D9FB /* Assets.xcassets */; };
		A438BC8328EE8CA50009D9FB /* LaunchScreen.storyboard in Resources */ = {isa = PBXBuildFile; fileRef = A438BC8128EE8CA50009D9FB /* LaunchScreen.storyboard */; };
		A438BC8E28EE8CA60009D9FB /* ParstagramTests.swift in Sources */ = {isa = PBXBuildFile; fileRef = A438BC8D28EE8CA60009D9FB /* ParstagramTests.swift */; };
		A438BC9828EE8CA60009D9FB /* ParstagramUITests.swift in Sources */ = {isa = PBXBuildFile; fileRef = A438BC9728EE8CA60009D9FB /* ParstagramUITests.swift */; };
		A438BC9A28EE8CA60009D9FB /* ParstagramUITestsLaunchTests.swift in Sources */ = {isa = PBXBuildFile; fileRef = A438BC9928EE8CA60009D9FB /* ParstagramUITestsLaunchTests.swift */; };
		A438BCA728EE93920009D9FB /* LoginViewController.swift in Sources */ = {isa = PBXBuildFile; fileRef = A438BCA628EE93920009D9FB /* LoginViewController.swift */; };
		A438BCA928EE93B30009D9FB /* FeedViewController.swift in Sources */ = {isa = PBXBuildFile; fileRef = A438BCA828EE93B30009D9FB /* FeedViewController.swift */; };
		A447140928FE5FAA0086E895 /* CommentCell.swift in Sources */ = {isa = PBXBuildFile; fileRef = A447140828FE5FAA0086E895 /* CommentCell.swift */; };
		A46FD9F228EF51F600D8815F /* CameraViewController.swift in Sources */ = {isa = PBXBuildFile; fileRef = A46FD9F128EF51F600D8815F /* CameraViewController.swift */; };
		A46FD9F428EF5E5500D8815F /* PostCell.swift in Sources */ = {isa = PBXBuildFile; fileRef = A46FD9F328EF5E5500D8815F /* PostCell.swift */; };
/* End PBXBuildFile section */

/* Begin PBXContainerItemProxy section */
		A438BC8A28EE8CA60009D9FB /* PBXContainerItemProxy */ = {
			isa = PBXContainerItemProxy;
			containerPortal = A438BC6B28EE8CA30009D9FB /* Project object */;
			proxyType = 1;
			remoteGlobalIDString = A438BC7228EE8CA30009D9FB;
			remoteInfo = Parstagram;
		};
		A438BC9428EE8CA60009D9FB /* PBXContainerItemProxy */ = {
			isa = PBXContainerItemProxy;
			containerPortal = A438BC6B28EE8CA30009D9FB /* Project object */;
			proxyType = 1;
			remoteGlobalIDString = A438BC7228EE8CA30009D9FB;
			remoteInfo = Parstagram;
		};
/* End PBXContainerItemProxy section */

/* Begin PBXFileReference section */
		0DD169E736F24EAC6257C318 /* Pods_Parstagram.framework */ = {isa = PBXFileReference; explicitFileType = wrapper.framework; includeInIndex = 0; path = Pods_Parstagram.framework; sourceTree = BUILT_PRODUCTS_DIR; };
		83D447CE3239F9A40475EADB /* Pods-Parstagram.debug.xcconfig */ = {isa = PBXFileReference; includeInIndex = 1; lastKnownFileType = text.xcconfig; name = "Pods-Parstagram.debug.xcconfig"; path = "Target Support Files/Pods-Parstagram/Pods-Parstagram.debug.xcconfig"; sourceTree = "<group>"; };
		A438BC7328EE8CA30009D9FB /* Parstagram.app */ = {isa = PBXFileReference; explicitFileType = wrapper.application; includeInIndex = 0; path = Parstagram.app; sourceTree = BUILT_PRODUCTS_DIR; };
		A438BC7628EE8CA30009D9FB /* AppDelegate.swift */ = {isa = PBXFileReference; lastKnownFileType = sourcecode.swift; path = AppDelegate.swift; sourceTree = "<group>"; };
		A438BC7828EE8CA30009D9FB /* SceneDelegate.swift */ = {isa = PBXFileReference; lastKnownFileType = sourcecode.swift; path = SceneDelegate.swift; sourceTree = "<group>"; };
		A438BC7D28EE8CA30009D9FB /* Base */ = {isa = PBXFileReference; lastKnownFileType = file.storyboard; name = Base; path = Base.lproj/Main.storyboard; sourceTree = "<group>"; };
		A438BC7F28EE8CA50009D9FB /* Assets.xcassets */ = {isa = PBXFileReference; lastKnownFileType = folder.assetcatalog; path = Assets.xcassets; sourceTree = "<group>"; };
		A438BC8228EE8CA50009D9FB /* Base */ = {isa = PBXFileReference; lastKnownFileType = file.storyboard; name = Base; path = Base.lproj/LaunchScreen.storyboard; sourceTree = "<group>"; };
		A438BC8428EE8CA50009D9FB /* Info.plist */ = {isa = PBXFileReference; lastKnownFileType = text.plist.xml; path = Info.plist; sourceTree = "<group>"; };
		A438BC8928EE8CA60009D9FB /* ParstagramTests.xctest */ = {isa = PBXFileReference; explicitFileType = wrapper.cfbundle; includeInIndex = 0; path = ParstagramTests.xctest; sourceTree = BUILT_PRODUCTS_DIR; };
		A438BC8D28EE8CA60009D9FB /* ParstagramTests.swift */ = {isa = PBXFileReference; lastKnownFileType = sourcecode.swift; path = ParstagramTests.swift; sourceTree = "<group>"; };
		A438BC9328EE8CA60009D9FB /* ParstagramUITests.xctest */ = {isa = PBXFileReference; explicitFileType = wrapper.cfbundle; includeInIndex = 0; path = ParstagramUITests.xctest; sourceTree = BUILT_PRODUCTS_DIR; };
		A438BC9728EE8CA60009D9FB /* ParstagramUITests.swift */ = {isa = PBXFileReference; lastKnownFileType = sourcecode.swift; path = ParstagramUITests.swift; sourceTree = "<group>"; };
		A438BC9928EE8CA60009D9FB /* ParstagramUITestsLaunchTests.swift */ = {isa = PBXFileReference; lastKnownFileType = sourcecode.swift; path = ParstagramUITestsLaunchTests.swift; sourceTree = "<group>"; };
		A438BCA628EE93920009D9FB /* LoginViewController.swift */ = {isa = PBXFileReference; lastKnownFileType = sourcecode.swift; path = LoginViewController.swift; sourceTree = "<group>"; };
		A438BCA828EE93B30009D9FB /* FeedViewController.swift */ = {isa = PBXFileReference; lastKnownFileType = sourcecode.swift; path = FeedViewController.swift; sourceTree = "<group>"; };
		A447140828FE5FAA0086E895 /* CommentCell.swift */ = {isa = PBXFileReference; lastKnownFileType = sourcecode.swift; path = CommentCell.swift; sourceTree = "<group>"; };
		A46FD9F128EF51F600D8815F /* CameraViewController.swift */ = {isa = PBXFileReference; lastKnownFileType = sourcecode.swift; path = CameraViewController.swift; sourceTree = "<group>"; };
		A46FD9F328EF5E5500D8815F /* PostCell.swift */ = {isa = PBXFileReference; lastKnownFileType = sourcecode.swift; path = PostCell.swift; sourceTree = "<group>"; };
		D5817B4E69867EF70B7C9918 /* Pods-Parstagram.release.xcconfig */ = {isa = PBXFileReference; includeInIndex = 1; lastKnownFileType = text.xcconfig; name = "Pods-Parstagram.release.xcconfig"; path = "Target Support Files/Pods-Parstagram/Pods-Parstagram.release.xcconfig"; sourceTree = "<group>"; };
/* End PBXFileReference section */

/* Begin PBXFrameworksBuildPhase section */
		A438BC7028EE8CA30009D9FB /* Frameworks */ = {
			isa = PBXFrameworksBuildPhase;
			buildActionMask = 2147483647;
			files = (
				149728E0AC6E380D472E19EB /* Pods_Parstagram.framework in Frameworks */,
			);
			runOnlyForDeploymentPostprocessing = 0;
		};
		A438BC8628EE8CA60009D9FB /* Frameworks */ = {
			isa = PBXFrameworksBuildPhase;
			buildActionMask = 2147483647;
			files = (
			);
			runOnlyForDeploymentPostprocessing = 0;
		};
		A438BC9028EE8CA60009D9FB /* Frameworks */ = {
			isa = PBXFrameworksBuildPhase;
			buildActionMask = 2147483647;
			files = (
			);
			runOnlyForDeploymentPostprocessing = 0;
		};
/* End PBXFrameworksBuildPhase section */

/* Begin PBXGroup section */
		7F29885EAB14487E412B22A1 /* Frameworks */ = {
			isa = PBXGroup;
			children = (
				0DD169E736F24EAC6257C318 /* Pods_Parstagram.framework */,
			);
			name = Frameworks;
			sourceTree = "<group>";
		};
		A438BC6A28EE8CA30009D9FB = {
			isa = PBXGroup;
			children = (
				A438BC7528EE8CA30009D9FB /* Parstagram */,
				A438BC8C28EE8CA60009D9FB /* ParstagramTests */,
				A438BC9628EE8CA60009D9FB /* ParstagramUITests */,
				A438BC7428EE8CA30009D9FB /* Products */,
				F5604E9E87D96B1D664E6851 /* Pods */,
				7F29885EAB14487E412B22A1 /* Frameworks */,
			);
			sourceTree = "<group>";
		};
		A438BC7428EE8CA30009D9FB /* Products */ = {
			isa = PBXGroup;
			children = (
				A438BC7328EE8CA30009D9FB /* Parstagram.app */,
				A438BC8928EE8CA60009D9FB /* ParstagramTests.xctest */,
				A438BC9328EE8CA60009D9FB /* ParstagramUITests.xctest */,
			);
			name = Products;
			sourceTree = "<group>";
		};
		A438BC7528EE8CA30009D9FB /* Parstagram */ = {
			isa = PBXGroup;
			children = (
				A438BC7628EE8CA30009D9FB /* AppDelegate.swift */,
				A46FD9F128EF51F600D8815F /* CameraViewController.swift */,
				A438BC7828EE8CA30009D9FB /* SceneDelegate.swift */,
				A438BC7C28EE8CA30009D9FB /* Main.storyboard */,
				A438BC7F28EE8CA50009D9FB /* Assets.xcassets */,
				A438BC8128EE8CA50009D9FB /* LaunchScreen.storyboard */,
				A438BC8428EE8CA50009D9FB /* Info.plist */,
				A438BCA628EE93920009D9FB /* LoginViewController.swift */,
				A438BCA828EE93B30009D9FB /* FeedViewController.swift */,
				A46FD9F328EF5E5500D8815F /* PostCell.swift */,
				A447140828FE5FAA0086E895 /* CommentCell.swift */,
			);
			path = Parstagram;
			sourceTree = "<group>";
		};
		A438BC8C28EE8CA60009D9FB /* ParstagramTests */ = {
			isa = PBXGroup;
			children = (
				A438BC8D28EE8CA60009D9FB /* ParstagramTests.swift */,
			);
			path = ParstagramTests;
			sourceTree = "<group>";
		};
		A438BC9628EE8CA60009D9FB /* ParstagramUITests */ = {
			isa = PBXGroup;
			children = (
				A438BC9728EE8CA60009D9FB /* ParstagramUITests.swift */,
				A438BC9928EE8CA60009D9FB /* ParstagramUITestsLaunchTests.swift */,
			);
			path = ParstagramUITests;
			sourceTree = "<group>";
		};
		F5604E9E87D96B1D664E6851 /* Pods */ = {
			isa = PBXGroup;
			children = (
				83D447CE3239F9A40475EADB /* Pods-Parstagram.debug.xcconfig */,
				D5817B4E69867EF70B7C9918 /* Pods-Parstagram.release.xcconfig */,
			);
			path = Pods;
			sourceTree = "<group>";
		};
/* End PBXGroup section */

/* Begin PBXNativeTarget section */
		A438BC7228EE8CA30009D9FB /* Parstagram */ = {
			isa = PBXNativeTarget;
			buildConfigurationList = A438BC9D28EE8CA60009D9FB /* Build configuration list for PBXNativeTarget "Parstagram" */;
			buildPhases = (
				340B3E1B76009BC917EA0B2A /* [CP] Check Pods Manifest.lock */,
				A438BC6F28EE8CA30009D9FB /* Sources */,
				A438BC7028EE8CA30009D9FB /* Frameworks */,
				A438BC7128EE8CA30009D9FB /* Resources */,
				59D6740580A1958CC6C3B627 /* [CP] Embed Pods Frameworks */,
			);
			buildRules = (
			);
			dependencies = (
			);
			name = Parstagram;
			productName = Parstagram;
			productReference = A438BC7328EE8CA30009D9FB /* Parstagram.app */;
			productType = "com.apple.product-type.application";
		};
		A438BC8828EE8CA60009D9FB /* ParstagramTests */ = {
			isa = PBXNativeTarget;
			buildConfigurationList = A438BCA028EE8CA60009D9FB /* Build configuration list for PBXNativeTarget "ParstagramTests" */;
			buildPhases = (
				A438BC8528EE8CA60009D9FB /* Sources */,
				A438BC8628EE8CA60009D9FB /* Frameworks */,
				A438BC8728EE8CA60009D9FB /* Resources */,
			);
			buildRules = (
			);
			dependencies = (
				A438BC8B28EE8CA60009D9FB /* PBXTargetDependency */,
			);
			name = ParstagramTests;
			productName = ParstagramTests;
			productReference = A438BC8928EE8CA60009D9FB /* ParstagramTests.xctest */;
			productType = "com.apple.product-type.bundle.unit-test";
		};
		A438BC9228EE8CA60009D9FB /* ParstagramUITests */ = {
			isa = PBXNativeTarget;
			buildConfigurationList = A438BCA328EE8CA60009D9FB /* Build configuration list for PBXNativeTarget "ParstagramUITests" */;
			buildPhases = (
				A438BC8F28EE8CA60009D9FB /* Sources */,
				A438BC9028EE8CA60009D9FB /* Frameworks */,
				A438BC9128EE8CA60009D9FB /* Resources */,
			);
			buildRules = (
			);
			dependencies = (
				A438BC9528EE8CA60009D9FB /* PBXTargetDependency */,
			);
			name = ParstagramUITests;
			productName = ParstagramUITests;
			productReference = A438BC9328EE8CA60009D9FB /* ParstagramUITests.xctest */;
			productType = "com.apple.product-type.bundle.ui-testing";
		};
/* End PBXNativeTarget section */

/* Begin PBXProject section */
		A438BC6B28EE8CA30009D9FB /* Project object */ = {
			isa = PBXProject;
			attributes = {
				BuildIndependentTargetsInParallel = 1;
				LastSwiftUpdateCheck = 1340;
				LastUpgradeCheck = 1340;
				TargetAttributes = {
					A438BC7228EE8CA30009D9FB = {
						CreatedOnToolsVersion = 13.4.1;
					};
					A438BC8828EE8CA60009D9FB = {
						CreatedOnToolsVersion = 13.4.1;
						TestTargetID = A438BC7228EE8CA30009D9FB;
					};
					A438BC9228EE8CA60009D9FB = {
						CreatedOnToolsVersion = 13.4.1;
						TestTargetID = A438BC7228EE8CA30009D9FB;
					};
				};
			};
			buildConfigurationList = A438BC6E28EE8CA30009D9FB /* Build configuration list for PBXProject "Parstagram" */;
			compatibilityVersion = "Xcode 13.0";
			developmentRegion = en;
			hasScannedForEncodings = 0;
			knownRegions = (
				en,
				Base,
			);
			mainGroup = A438BC6A28EE8CA30009D9FB;
			productRefGroup = A438BC7428EE8CA30009D9FB /* Products */;
			projectDirPath = "";
			projectRoot = "";
			targets = (
				A438BC7228EE8CA30009D9FB /* Parstagram */,
				A438BC8828EE8CA60009D9FB /* ParstagramTests */,
				A438BC9228EE8CA60009D9FB /* ParstagramUITests */,
			);
		};
/* End PBXProject section */

/* Begin PBXResourcesBuildPhase section */
		A438BC7128EE8CA30009D9FB /* Resources */ = {
			isa = PBXResourcesBuildPhase;
			buildActionMask = 2147483647;
			files = (
				A438BC8328EE8CA50009D9FB /* LaunchScreen.storyboard in Resources */,
				A438BC8028EE8CA50009D9FB /* Assets.xcassets in Resources */,
				A438BC7E28EE8CA30009D9FB /* Main.storyboard in Resources */,
			);
			runOnlyForDeploymentPostprocessing = 0;
		};
		A438BC8728EE8CA60009D9FB /* Resources */ = {
			isa = PBXResourcesBuildPhase;
			buildActionMask = 2147483647;
			files = (
			);
			runOnlyForDeploymentPostprocessing = 0;
		};
		A438BC9128EE8CA60009D9FB /* Resources */ = {
			isa = PBXResourcesBuildPhase;
			buildActionMask = 2147483647;
			files = (
			);
			runOnlyForDeploymentPostprocessing = 0;
		};
/* End PBXResourcesBuildPhase section */

/* Begin PBXShellScriptBuildPhase section */
		340B3E1B76009BC917EA0B2A /* [CP] Check Pods Manifest.lock */ = {
			isa = PBXShellScriptBuildPhase;
			buildActionMask = 2147483647;
			files = (
			);
			inputFileListPaths = (
			);
			inputPaths = (
				"${PODS_PODFILE_DIR_PATH}/Podfile.lock",
				"${PODS_ROOT}/Manifest.lock",
			);
			name = "[CP] Check Pods Manifest.lock";
			outputFileListPaths = (
			);
			outputPaths = (
				"$(DERIVED_FILE_DIR)/Pods-Parstagram-checkManifestLockResult.txt",
			);
			runOnlyForDeploymentPostprocessing = 0;
			shellPath = /bin/sh;
			shellScript = "diff \"${PODS_PODFILE_DIR_PATH}/Podfile.lock\" \"${PODS_ROOT}/Manifest.lock\" > /dev/null\nif [ $? != 0 ] ; then\n    # print error to STDERR\n    echo \"error: The sandbox is not in sync with the Podfile.lock. Run 'pod install' or update your CocoaPods installation.\" >&2\n    exit 1\nfi\n# This output is used by Xcode 'outputs' to avoid re-running this script phase.\necho \"SUCCESS\" > \"${SCRIPT_OUTPUT_FILE_0}\"\n";
			showEnvVarsInLog = 0;
		};
		59D6740580A1958CC6C3B627 /* [CP] Embed Pods Frameworks */ = {
			isa = PBXShellScriptBuildPhase;
			buildActionMask = 2147483647;
			files = (
			);
			inputFileListPaths = (
				"${PODS_ROOT}/Target Support Files/Pods-Parstagram/Pods-Parstagram-frameworks-${CONFIGURATION}-input-files.xcfilelist",
			);
			name = "[CP] Embed Pods Frameworks";
			outputFileListPaths = (
				"${PODS_ROOT}/Target Support Files/Pods-Parstagram/Pods-Parstagram-frameworks-${CONFIGURATION}-output-files.xcfilelist",
			);
			runOnlyForDeploymentPostprocessing = 0;
			shellPath = /bin/sh;
			shellScript = "\"${PODS_ROOT}/Target Support Files/Pods-Parstagram/Pods-Parstagram-frameworks.sh\"\n";
			showEnvVarsInLog = 0;
		};
/* End PBXShellScriptBuildPhase section */

/* Begin PBXSourcesBuildPhase section */
		A438BC6F28EE8CA30009D9FB /* Sources */ = {
			isa = PBXSourcesBuildPhase;
			buildActionMask = 2147483647;
			files = (
				A438BCA728EE93920009D9FB /* LoginViewController.swift in Sources */,
				A46FD9F228EF51F600D8815F /* CameraViewController.swift in Sources */,
				A438BC7728EE8CA30009D9FB /* AppDelegate.swift in Sources */,
				A438BCA928EE93B30009D9FB /* FeedViewController.swift in Sources */,
				A438BC7928EE8CA30009D9FB /* SceneDelegate.swift in Sources */,
				A46FD9F428EF5E5500D8815F /* PostCell.swift in Sources */,
				A447140928FE5FAA0086E895 /* CommentCell.swift in Sources */,
			);
			runOnlyForDeploymentPostprocessing = 0;
		};
		A438BC8528EE8CA60009D9FB /* Sources */ = {
			isa = PBXSourcesBuildPhase;
			buildActionMask = 2147483647;
			files = (
				A438BC8E28EE8CA60009D9FB /* ParstagramTests.swift in Sources */,
			);
			runOnlyForDeploymentPostprocessing = 0;
		};
		A438BC8F28EE8CA60009D9FB /* Sources */ = {
			isa = PBXSourcesBuildPhase;
			buildActionMask = 2147483647;
			files = (
				A438BC9A28EE8CA60009D9FB /* ParstagramUITestsLaunchTests.swift in Sources */,
				A438BC9828EE8CA60009D9FB /* ParstagramUITests.swift in Sources */,
			);
			runOnlyForDeploymentPostprocessing = 0;
		};
/* End PBXSourcesBuildPhase section */

/* Begin PBXTargetDependency section */
		A438BC8B28EE8CA60009D9FB /* PBXTargetDependency */ = {
			isa = PBXTargetDependency;
			target = A438BC7228EE8CA30009D9FB /* Parstagram */;
			targetProxy = A438BC8A28EE8CA60009D9FB /* PBXContainerItemProxy */;
		};
		A438BC9528EE8CA60009D9FB /* PBXTargetDependency */ = {
			isa = PBXTargetDependency;
			target = A438BC7228EE8CA30009D9FB /* Parstagram */;
			targetProxy = A438BC9428EE8CA60009D9FB /* PBXContainerItemProxy */;
		};
/* End PBXTargetDependency section */

/* Begin PBXVariantGroup section */
		A438BC7C28EE8CA30009D9FB /* Main.storyboard */ = {
			isa = PBXVariantGroup;
			children = (
				A438BC7D28EE8CA30009D9FB /* Base */,
			);
			name = Main.storyboard;
			sourceTree = "<group>";
		};
		A438BC8128EE8CA50009D9FB /* LaunchScreen.storyboard */ = {
			isa = PBXVariantGroup;
			children = (
				A438BC8228EE8CA50009D9FB /* Base */,
			);
			name = LaunchScreen.storyboard;
			sourceTree = "<group>";
		};
/* End PBXVariantGroup section */

/* Begin XCBuildConfiguration section */
		A438BC9B28EE8CA60009D9FB /* Debug */ = {
			isa = XCBuildConfiguration;
			buildSettings = {
				ALWAYS_SEARCH_USER_PATHS = NO;
				CLANG_ANALYZER_NONNULL = YES;
				CLANG_ANALYZER_NUMBER_OBJECT_CONVERSION = YES_AGGRESSIVE;
				CLANG_CXX_LANGUAGE_STANDARD = "gnu++17";
				CLANG_ENABLE_MODULES = YES;
				CLANG_ENABLE_OBJC_ARC = YES;
				CLANG_ENABLE_OBJC_WEAK = YES;
				CLANG_WARN_BLOCK_CAPTURE_AUTORELEASING = YES;
				CLANG_WARN_BOOL_CONVERSION = YES;
				CLANG_WARN_COMMA = YES;
				CLANG_WARN_CONSTANT_CONVERSION = YES;
				CLANG_WARN_DEPRECATED_OBJC_IMPLEMENTATIONS = YES;
				CLANG_WARN_DIRECT_OBJC_ISA_USAGE = YES_ERROR;
				CLANG_WARN_DOCUMENTATION_COMMENTS = YES;
				CLANG_WARN_EMPTY_BODY = YES;
				CLANG_WARN_ENUM_CONVERSION = YES;
				CLANG_WARN_INFINITE_RECURSION = YES;
				CLANG_WARN_INT_CONVERSION = YES;
				CLANG_WARN_NON_LITERAL_NULL_CONVERSION = YES;
				CLANG_WARN_OBJC_IMPLICIT_RETAIN_SELF = YES;
				CLANG_WARN_OBJC_LITERAL_CONVERSION = YES;
				CLANG_WARN_OBJC_ROOT_CLASS = YES_ERROR;
				CLANG_WARN_QUOTED_INCLUDE_IN_FRAMEWORK_HEADER = YES;
				CLANG_WARN_RANGE_LOOP_ANALYSIS = YES;
				CLANG_WARN_STRICT_PROTOTYPES = YES;
				CLANG_WARN_SUSPICIOUS_MOVE = YES;
				CLANG_WARN_UNGUARDED_AVAILABILITY = YES_AGGRESSIVE;
				CLANG_WARN_UNREACHABLE_CODE = YES;
				CLANG_WARN__DUPLICATE_METHOD_MATCH = YES;
				COPY_PHASE_STRIP = NO;
				DEBUG_INFORMATION_FORMAT = dwarf;
				ENABLE_STRICT_OBJC_MSGSEND = YES;
				ENABLE_TESTABILITY = YES;
				GCC_C_LANGUAGE_STANDARD = gnu11;
				GCC_DYNAMIC_NO_PIC = NO;
				GCC_NO_COMMON_BLOCKS = YES;
				GCC_OPTIMIZATION_LEVEL = 0;
				GCC_PREPROCESSOR_DEFINITIONS = (
					"DEBUG=1",
					"$(inherited)",
				);
				GCC_WARN_64_TO_32_BIT_CONVERSION = YES;
				GCC_WARN_ABOUT_RETURN_TYPE = YES_ERROR;
				GCC_WARN_UNDECLARED_SELECTOR = YES;
				GCC_WARN_UNINITIALIZED_AUTOS = YES_AGGRESSIVE;
				GCC_WARN_UNUSED_FUNCTION = YES;
				GCC_WARN_UNUSED_VARIABLE = YES;
				IPHONEOS_DEPLOYMENT_TARGET = 15.5;
				MTL_ENABLE_DEBUG_INFO = INCLUDE_SOURCE;
				MTL_FAST_MATH = YES;
				ONLY_ACTIVE_ARCH = YES;
				SDKROOT = iphoneos;
				SWIFT_ACTIVE_COMPILATION_CONDITIONS = DEBUG;
				SWIFT_OPTIMIZATION_LEVEL = "-Onone";
			};
			name = Debug;
		};
		A438BC9C28EE8CA60009D9FB /* Release */ = {
			isa = XCBuildConfiguration;
			buildSettings = {
				ALWAYS_SEARCH_USER_PATHS = NO;
				CLANG_ANALYZER_NONNULL = YES;
				CLANG_ANALYZER_NUMBER_OBJECT_CONVERSION = YES_AGGRESSIVE;
				CLANG_CXX_LANGUAGE_STANDARD = "gnu++17";
				CLANG_ENABLE_MODULES = YES;
				CLANG_ENABLE_OBJC_ARC = YES;
				CLANG_ENABLE_OBJC_WEAK = YES;
				CLANG_WARN_BLOCK_CAPTURE_AUTORELEASING = YES;
				CLANG_WARN_BOOL_CONVERSION = YES;
				CLANG_WARN_COMMA = YES;
				CLANG_WARN_CONSTANT_CONVERSION = YES;
				CLANG_WARN_DEPRECATED_OBJC_IMPLEMENTATIONS = YES;
				CLANG_WARN_DIRECT_OBJC_ISA_USAGE = YES_ERROR;
				CLANG_WARN_DOCUMENTATION_COMMENTS = YES;
				CLANG_WARN_EMPTY_BODY = YES;
				CLANG_WARN_ENUM_CONVERSION = YES;
				CLANG_WARN_INFINITE_RECURSION = YES;
				CLANG_WARN_INT_CONVERSION = YES;
				CLANG_WARN_NON_LITERAL_NULL_CONVERSION = YES;
				CLANG_WARN_OBJC_IMPLICIT_RETAIN_SELF = YES;
				CLANG_WARN_OBJC_LITERAL_CONVERSION = YES;
				CLANG_WARN_OBJC_ROOT_CLASS = YES_ERROR;
				CLANG_WARN_QUOTED_INCLUDE_IN_FRAMEWORK_HEADER = YES;
				CLANG_WARN_RANGE_LOOP_ANALYSIS = YES;
				CLANG_WARN_STRICT_PROTOTYPES = YES;
				CLANG_WARN_SUSPICIOUS_MOVE = YES;
				CLANG_WARN_UNGUARDED_AVAILABILITY = YES_AGGRESSIVE;
				CLANG_WARN_UNREACHABLE_CODE = YES;
				CLANG_WARN__DUPLICATE_METHOD_MATCH = YES;
				COPY_PHASE_STRIP = NO;
				DEBUG_INFORMATION_FORMAT = "dwarf-with-dsym";
				ENABLE_NS_ASSERTIONS = NO;
				ENABLE_STRICT_OBJC_MSGSEND = YES;
				GCC_C_LANGUAGE_STANDARD = gnu11;
				GCC_NO_COMMON_BLOCKS = YES;
				GCC_WARN_64_TO_32_BIT_CONVERSION = YES;
				GCC_WARN_ABOUT_RETURN_TYPE = YES_ERROR;
				GCC_WARN_UNDECLARED_SELECTOR = YES;
				GCC_WARN_UNINITIALIZED_AUTOS = YES_AGGRESSIVE;
				GCC_WARN_UNUSED_FUNCTION = YES;
				GCC_WARN_UNUSED_VARIABLE = YES;
				IPHONEOS_DEPLOYMENT_TARGET = 15.5;
				MTL_ENABLE_DEBUG_INFO = NO;
				MTL_FAST_MATH = YES;
				SDKROOT = iphoneos;
				SWIFT_COMPILATION_MODE = wholemodule;
				SWIFT_OPTIMIZATION_LEVEL = "-O";
				VALIDATE_PRODUCT = YES;
			};
			name = Release;
		};
		A438BC9E28EE8CA60009D9FB /* Debug */ = {
			isa = XCBuildConfiguration;
			baseConfigurationReference = 83D447CE3239F9A40475EADB /* Pods-Parstagram.debug.xcconfig */;
			buildSettings = {
				ASSETCATALOG_COMPILER_APPICON_NAME = AppIcon;
				ASSETCATALOG_COMPILER_GLOBAL_ACCENT_COLOR_NAME = AccentColor;
				CODE_SIGN_STYLE = Automatic;
				CURRENT_PROJECT_VERSION = 1;
				DEVELOPMENT_TEAM = 736CS4AVMR;
				GENERATE_INFOPLIST_FILE = YES;
				INFOPLIST_FILE = Parstagram/Info.plist;
				INFOPLIST_KEY_UIApplicationSupportsIndirectInputEvents = YES;
				INFOPLIST_KEY_UILaunchStoryboardName = LaunchScreen;
				INFOPLIST_KEY_UIMainStoryboardFile = Main;
				INFOPLIST_KEY_UISupportedInterfaceOrientations = "UIInterfaceOrientationPortrait UIInterfaceOrientationLandscapeLeft UIInterfaceOrientationLandscapeRight";
				INFOPLIST_KEY_UISupportedInterfaceOrientations_iPad = "UIInterfaceOrientationPortrait UIInterfaceOrientationPortraitUpsideDown UIInterfaceOrientationLandscapeLeft UIInterfaceOrientationLandscapeRight";
				INFOPLIST_KEY_UISupportedInterfaceOrientations_iPhone = "UIInterfaceOrientationPortrait UIInterfaceOrientationLandscapeLeft UIInterfaceOrientationLandscapeRight";
				LD_RUNPATH_SEARCH_PATHS = (
					"$(inherited)",
					"@executable_path/Frameworks",
				);
				MARKETING_VERSION = 1.0;
				PRODUCT_BUNDLE_IDENTIFIER = ios.nl.fiu.edu.Parstagram;
				PRODUCT_NAME = "$(TARGET_NAME)";
				SWIFT_EMIT_LOC_STRINGS = YES;
				SWIFT_VERSION = 5.0;
				TARGETED_DEVICE_FAMILY = "1,2";
			};
			name = Debug;
		};
		A438BC9F28EE8CA60009D9FB /* Release */ = {
			isa = XCBuildConfiguration;
			baseConfigurationReference = D5817B4E69867EF70B7C9918 /* Pods-Parstagram.release.xcconfig */;
			buildSettings = {
				ASSETCATALOG_COMPILER_APPICON_NAME = AppIcon;
				ASSETCATALOG_COMPILER_GLOBAL_ACCENT_COLOR_NAME = AccentColor;
				CODE_SIGN_STYLE = Automatic;
				CURRENT_PROJECT_VERSION = 1;
				DEVELOPMENT_TEAM = 736CS4AVMR;
				GENERATE_INFOPLIST_FILE = YES;
				INFOPLIST_FILE = Parstagram/Info.plist;
				INFOPLIST_KEY_UIApplicationSupportsIndirectInputEvents = YES;
				INFOPLIST_KEY_UILaunchStoryboardName = LaunchScreen;
				INFOPLIST_KEY_UIMainStoryboardFile = Main;
				INFOPLIST_KEY_UISupportedInterfaceOrientations = "UIInterfaceOrientationPortrait UIInterfaceOrientationLandscapeLeft UIInterfaceOrientationLandscapeRight";
				INFOPLIST_KEY_UISupportedInterfaceOrientations_iPad = "UIInterfaceOrientationPortrait UIInterfaceOrientationPortraitUpsideDown UIInterfaceOrientationLandscapeLeft UIInterfaceOrientationLandscapeRight";
				INFOPLIST_KEY_UISupportedInterfaceOrientations_iPhone = "UIInterfaceOrientationPortrait UIInterfaceOrientationLandscapeLeft UIInterfaceOrientationLandscapeRight";
				LD_RUNPATH_SEARCH_PATHS = (
					"$(inherited)",
					"@executable_path/Frameworks",
				);
				MARKETING_VERSION = 1.0;
				PRODUCT_BUNDLE_IDENTIFIER = ios.nl.fiu.edu.Parstagram;
				PRODUCT_NAME = "$(TARGET_NAME)";
				SWIFT_EMIT_LOC_STRINGS = YES;
				SWIFT_VERSION = 5.0;
				TARGETED_DEVICE_FAMILY = "1,2";
			};
			name = Release;
		};
		A438BCA128EE8CA60009D9FB /* Debug */ = {
			isa = XCBuildConfiguration;
			buildSettings = {
				ALWAYS_EMBED_SWIFT_STANDARD_LIBRARIES = YES;
				BUNDLE_LOADER = "$(TEST_HOST)";
				CODE_SIGN_STYLE = Automatic;
				CURRENT_PROJECT_VERSION = 1;
				DEVELOPMENT_TEAM = 736CS4AVMR;
				GENERATE_INFOPLIST_FILE = YES;
				IPHONEOS_DEPLOYMENT_TARGET = 15.5;
				MARKETING_VERSION = 1.0;
				PRODUCT_BUNDLE_IDENTIFIER = ios.nl.fiu.edu.ParstagramTests;
				PRODUCT_NAME = "$(TARGET_NAME)";
				SWIFT_EMIT_LOC_STRINGS = NO;
				SWIFT_VERSION = 5.0;
				TARGETED_DEVICE_FAMILY = "1,2";
				TEST_HOST = "$(BUILT_PRODUCTS_DIR)/Parstagram.app/Parstagram";
			};
			name = Debug;
		};
		A438BCA228EE8CA60009D9FB /* Release */ = {
			isa = XCBuildConfiguration;
			buildSettings = {
				ALWAYS_EMBED_SWIFT_STANDARD_LIBRARIES = YES;
				BUNDLE_LOADER = "$(TEST_HOST)";
				CODE_SIGN_STYLE = Automatic;
				CURRENT_PROJECT_VERSION = 1;
				DEVELOPMENT_TEAM = 736CS4AVMR;
				GENERATE_INFOPLIST_FILE = YES;
				IPHONEOS_DEPLOYMENT_TARGET = 15.5;
				MARKETING_VERSION = 1.0;
				PRODUCT_BUNDLE_IDENTIFIER = ios.nl.fiu.edu.ParstagramTests;
				PRODUCT_NAME = "$(TARGET_NAME)";
				SWIFT_EMIT_LOC_STRINGS = NO;
				SWIFT_VERSION = 5.0;
				TARGETED_DEVICE_FAMILY = "1,2";
				TEST_HOST = "$(BUILT_PRODUCTS_DIR)/Parstagram.app/Parstagram";
			};
			name = Release;
		};
		A438BCA428EE8CA60009D9FB /* Debug */ = {
			isa = XCBuildConfiguration;
			buildSettings = {
				ALWAYS_EMBED_SWIFT_STANDARD_LIBRARIES = YES;
				CODE_SIGN_STYLE = Automatic;
				CURRENT_PROJECT_VERSION = 1;
				DEVELOPMENT_TEAM = 736CS4AVMR;
				GENERATE_INFOPLIST_FILE = YES;
				MARKETING_VERSION = 1.0;
				PRODUCT_BUNDLE_IDENTIFIER = ios.nl.fiu.edu.ParstagramUITests;
				PRODUCT_NAME = "$(TARGET_NAME)";
				SWIFT_EMIT_LOC_STRINGS = NO;
				SWIFT_VERSION = 5.0;
				TARGETED_DEVICE_FAMILY = "1,2";
				TEST_TARGET_NAME = Parstagram;
			};
			name = Debug;
		};
		A438BCA528EE8CA60009D9FB /* Release */ = {
			isa = XCBuildConfiguration;
			buildSettings = {
				ALWAYS_EMBED_SWIFT_STANDARD_LIBRARIES = YES;
				CODE_SIGN_STYLE = Automatic;
				CURRENT_PROJECT_VERSION = 1;
				DEVELOPMENT_TEAM = 736CS4AVMR;
				GENERATE_INFOPLIST_FILE = YES;
				MARKETING_VERSION = 1.0;
				PRODUCT_BUNDLE_IDENTIFIER = ios.nl.fiu.edu.ParstagramUITests;
				PRODUCT_NAME = "$(TARGET_NAME)";
				SWIFT_EMIT_LOC_STRINGS = NO;
				SWIFT_VERSION = 5.0;
				TARGETED_DEVICE_FAMILY = "1,2";
				TEST_TARGET_NAME = Parstagram;
			};
			name = Release;
		};
/* End XCBuildConfiguration section */

/* Begin XCConfigurationList section */
		A438BC6E28EE8CA30009D9FB /* Build configuration list for PBXProject "Parstagram" */ = {
			isa = XCConfigurationList;
			buildConfigurations = (
				A438BC9B28EE8CA60009D9FB /* Debug */,
				A438BC9C28EE8CA60009D9FB /* Release */,
			);
			defaultConfigurationIsVisible = 0;
			defaultConfigurationName = Release;
		};
		A438BC9D28EE8CA60009D9FB /* Build configuration list for PBXNativeTarget "Parstagram" */ = {
			isa = XCConfigurationList;
			buildConfigurations = (
				A438BC9E28EE8CA60009D9FB /* Debug */,
				A438BC9F28EE8CA60009D9FB /* Release */,
			);
			defaultConfigurationIsVisible = 0;
			defaultConfigurationName = Release;
		};
		A438BCA028EE8CA60009D9FB /* Build configuration list for PBXNativeTarget "ParstagramTests" */ = {
			isa = XCConfigurationList;
			buildConfigurations = (
				A438BCA128EE8CA60009D9FB /* Debug */,
				A438BCA228EE8CA60009D9FB /* Release */,
			);
			defaultConfigurationIsVisible = 0;
			defaultConfigurationName = Release;
		};
		A438BCA328EE8CA60009D9FB /* Build configuration list for PBXNativeTarget "ParstagramUITests" */ = {
			isa = XCConfigurationList;
			buildConfigurations = (
				A438BCA428EE8CA60009D9FB /* Debug */,
				A438BCA528EE8CA60009D9FB /* Release */,
			);
			defaultConfigurationIsVisible = 0;
			defaultConfigurationName = Release;
		};
/* End XCConfigurationList section */
	};
	rootObject = A438BC6B28EE8CA30009D9FB /* Project object */;
}
